{
  "name": "moit-v3",
  "lockfileVersion": 3,
  "requires": true,
  "packages": {
    "": {
      "dependencies": {
        "@tosspayments/payment-widget-sdk": "^0.12.2"
      }
    },
    "node_modules/@tosspayments/brandpay-types": {
      "version": "0.2.6",
      "resolved": "https://registry.npmjs.org/@tosspayments/brandpay-types/-/brandpay-types-0.2.6.tgz",
      "integrity": "sha512-FY8aOm/2rqtXjYux9ZdNTL6GC5+VNIw8eOQ7TP01dS2uGWSzAtR6uuw9HVsgkmJtSyJgmo97tjmbio5oyeyFlg==",
      "license": "MIT",
      "peerDependencies": {
        "typescript": "^4.1.0"
      },
      "peerDependenciesMeta": {
        "typescript": {
          "optional": true
        }
      }
    },
    "node_modules/@tosspayments/payment__types": {
      "version": "1.69.1",
      "resolved": "https://registry.npmjs.org/@tosspayments/payment__types/-/payment__types-1.69.1.tgz",
      "integrity": "sha512-QX9WSPiIke9VPch1zA80VFBSu7yKNuv/UnKy1V9B+YkC6sPN+sBcq/sl2fhj5tadTvkuYXDv139iR5TFwU2ayw==",
      "license": "MIT",
      "dependencies": {
        "@tosspayments/sdk-constants": "^1.2.2"
      }
    },
    "node_modules/@tosspayments/payment-widget__types": {
      "version": "1.1.0",
      "resolved": "https://registry.npmjs.org/@tosspayments/payment-widget__types/-/payment-widget__types-1.1.0.tgz",
      "integrity": "sha512-1yVQIDNwgjzpm/n8ppsAk3Q0IKha+vOTuRIP6INzL9AkzCsrVjhHr5/eT0fe+tjyekSRL902Uq0TuRyG2sjsWw==",
      "license": "MIT",
      "dependencies": {
        "@tosspayments/brandpay-types": "^0.2.6",
        "@tosspayments/payment__types": "^1.68.0",
        "@tosspayments/payment-widget-types": "^0.0.5"
      }
    },
    "node_modules/@tosspayments/payment-widget-sdk": {
      "version": "0.12.2",
      "resolved": "https://registry.npmjs.org/@tosspayments/payment-widget-sdk/-/payment-widget-sdk-0.12.2.tgz",
      "integrity": "sha512-11On0JQ9FNWbx/J0+jxXc1khg+aTePvn16RUtC2gNuONkfH/cDA0X7pD8XeWnq2cBoA5wzMDFuKy28SMFIpyJA==",
      "license": "MIT",
      "dependencies": {
        "@tosspayments/payment-widget__types": "1.1.0"
      }
    },
    "node_modules/@tosspayments/payment-widget-types": {
      "version": "0.0.5",
      "resolved": "https://registry.npmjs.org/@tosspayments/payment-widget-types/-/payment-widget-types-0.0.5.tgz",
      "integrity": "sha512-Daaui9u7aRPzJhw4omJIUAbYBSmNAFNjWWkuUnX9uHxzE3gtjcJHIpGrjlzmCFm+j3ZH4rgyrgv4pkazVYH3OQ==",
      "license": "MIT",
      "peerDependencies": {
        "typescript": "^4.7.4"
      },
      "peerDependenciesMeta": {
        "typescript": {
          "optional": true
        }
      }
    },
    "node_modules/@tosspayments/sdk-constants": {
      "version": "1.2.2",
      "resolved": "https://registry.npmjs.org/@tosspayments/sdk-constants/-/sdk-constants-1.2.2.tgz",
      "integrity": "sha512-6WxRHaiycSfz8gY9R/+StdkX5bprHyJ/rf2ak+b8YgBorxUwns8Ev+oyViNBmsPoE77RusaVFNv1kuiJpSNoDA==",
      "license": "MIT"
    }
  }
}
